// !$*UTF8*$!
{
	archiveVersion = 1;
	classes = {
	};
	objectVersion = 56;
	objects = {

/* Begin PBXBuildFile section */
		E176C5102C7ED7CB00E298AA /* TuistWorldApp.swift in Sources */ = {isa = PBXBuildFile; fileRef = E176C50F2C7ED7CB00E298AA /* TuistWorldApp.swift */; };
		E176C5122C7ED7CB00E298AA /* ContentView.swift in Sources */ = {isa = PBXBuildFile; fileRef = E176C5112C7ED7CB00E298AA /* ContentView.swift */; };
		E176C5142C7ED7CC00E298AA /* Assets.xcassets in Resources */ = {isa = PBXBuildFile; fileRef = E176C5132C7ED7CC00E298AA /* Assets.xcassets */; };
		E176C5172C7ED7CC00E298AA /* Preview Assets.xcassets in Resources */ = {isa = PBXBuildFile; fileRef = E176C5162C7ED7CC00E298AA /* Preview Assets.xcassets */; };
		E176C5212C7ED7CC00E298AA /* TuistWorldTests.swift in Sources */ = {isa = PBXBuildFile; fileRef = E176C5202C7ED7CC00E298AA /* TuistWorldTests.swift */; };
		E176C52B2C7ED7CC00E298AA /* TuistWorldUITests.swift in Sources */ = {isa = PBXBuildFile; fileRef = E176C52A2C7ED7CC00E298AA /* TuistWorldUITests.swift */; };
		E176C52D2C7ED7CC00E298AA /* TuistWorldUITestsLaunchTests.swift in Sources */ = {isa = PBXBuildFile; fileRef = E176C52C2C7ED7CC00E298AA /* TuistWorldUITestsLaunchTests.swift */; };
/* End PBXBuildFile section */

/* Begin PBXContainerItemProxy section */
		E176C51D2C7ED7CC00E298AA /* PBXContainerItemProxy */ = {
			isa = PBXContainerItemProxy;
			containerPortal = E176C5042C7ED7CB00E298AA /* Project object */;
			proxyType = 1;
			remoteGlobalIDString = E176C50B2C7ED7CB00E298AA;
			remoteInfo = TuistWorld;
		};
		E176C5272C7ED7CC00E298AA /* PBXContainerItemProxy */ = {
			isa = PBXContainerItemProxy;
			containerPortal = E176C5042C7ED7CB00E298AA /* Project object */;
			proxyType = 1;
			remoteGlobalIDString = E176C50B2C7ED7CB00E298AA;
			remoteInfo = TuistWorld;
		};
/* End PBXContainerItemProxy section */

/* Begin PBXFileReference section */
		E176C50C2C7ED7CB00E298AA /* TuistWorld.app */ = {isa = PBXFileReference; explicitFileType = wrapper.application; includeInIndex = 0; path = TuistWorld.app; sourceTree = BUILT_PRODUCTS_DIR; };
		E176C50F2C7ED7CB00E298AA /* TuistWorldApp.swift */ = {isa = PBXFileReference; lastKnownFileType = sourcecode.swift; path = TuistWorldApp.swift; sourceTree = "<group>"; };
		E176C5112C7ED7CB00E298AA /* ContentView.swift */ = {isa = PBXFileReference; lastKnownFileType = sourcecode.swift; path = ContentView.swift; sourceTree = "<group>"; };
		E176C5132C7ED7CC00E298AA /* Assets.xcassets */ = {isa = PBXFileReference; lastKnownFileType = folder.assetcatalog; path = Assets.xcassets; sourceTree = "<group>"; };
		E176C5162C7ED7CC00E298AA /* Preview Assets.xcassets */ = {isa = PBXFileReference; lastKnownFileType = folder.assetcatalog; path = "Preview Assets.xcassets"; sourceTree = "<group>"; };
		E176C51C2C7ED7CC00E298AA /* TuistWorldTests.xctest */ = {isa = PBXFileReference; explicitFileType = wrapper.cfbundle; includeInIndex = 0; path = TuistWorldTests.xctest; sourceTree = BUILT_PRODUCTS_DIR; };
		E176C5202C7ED7CC00E298AA /* TuistWorldTests.swift */ = {isa = PBXFileReference; lastKnownFileType = sourcecode.swift; path = TuistWorldTests.swift; sourceTree = "<group>"; };
		E176C5262C7ED7CC00E298AA /* TuistWorldUITests.xctest */ = {isa = PBXFileReference; explicitFileType = wrapper.cfbundle; includeInIndex = 0; path = TuistWorldUITests.xctest; sourceTree = BUILT_PRODUCTS_DIR; };
		E176C52A2C7ED7CC00E298AA /* TuistWorldUITests.swift */ = {isa = PBXFileReference; lastKnownFileType = sourcecode.swift; path = TuistWorldUITests.swift; sourceTree = "<group>"; };
		E176C52C2C7ED7CC00E298AA /* TuistWorldUITestsLaunchTests.swift */ = {isa = PBXFileReference; lastKnownFileType = sourcecode.swift; path = TuistWorldUITestsLaunchTests.swift; sourceTree = "<group>"; };
/* End PBXFileReference section */

/* Begin PBXFrameworksBuildPhase section */
		E176C5092C7ED7CB00E298AA /* Frameworks */ = {
			isa = PBXFrameworksBuildPhase;
			buildActionMask = 2147483647;
			files = (
			);
			runOnlyForDeploymentPostprocessing = 0;
		};
		E176C5192C7ED7CC00E298AA /* Frameworks */ = {
			isa = PBXFrameworksBuildPhase;
			buildActionMask = 2147483647;
			files = (
			);
			runOnlyForDeploymentPostprocessing = 0;
		};
		E176C5232C7ED7CC00E298AA /* Frameworks */ = {
			isa = PBXFrameworksBuildPhase;
			buildActionMask = 2147483647;
			files = (
			);
			runOnlyForDeploymentPostprocessing = 0;
		};
/* End PBXFrameworksBuildPhase section */

/* Begin PBXGroup section */
		E176C5032C7ED7CB00E298AA = {
			isa = PBXGroup;
			children = (
				E176C50E2C7ED7CB00E298AA /* TuistWorld */,
				E176C51F2C7ED7CC00E298AA /* TuistWorldTests */,
				E176C5292C7ED7CC00E298AA /* TuistWorldUITests */,
				E176C50D2C7ED7CB00E298AA /* Products */,
			);
			sourceTree = "<group>";
		};
		E176C50D2C7ED7CB00E298AA /* Products */ = {
			isa = PBXGroup;
			children = (
				E176C50C2C7ED7CB00E298AA /* TuistWorld.app */,
				E176C51C2C7ED7CC00E298AA /* TuistWorldTests.xctest */,
				E176C5262C7ED7CC00E298AA /* TuistWorldUITests.xctest */,
			);
			name = Products;
			sourceTree = "<group>";
		};
		E176C50E2C7ED7CB00E298AA /* TuistWorld */ = {
			isa = PBXGroup;
			children = (
				E176C50F2C7ED7CB00E298AA /* TuistWorldApp.swift */,
				E176C5112C7ED7CB00E298AA /* ContentView.swift */,
				E176C5132C7ED7CC00E298AA /* Assets.xcassets */,
				E176C5152C7ED7CC00E298AA /* Preview Content */,
			);
			path = TuistWorld;
			sourceTree = "<group>";
		};
		E176C5152C7ED7CC00E298AA /* Preview Content */ = {
			isa = PBXGroup;
			children = (
				E176C5162C7ED7CC00E298AA /* Preview Assets.xcassets */,
			);
			path = "Preview Content";
			sourceTree = "<group>";
		};
		E176C51F2C7ED7CC00E298AA /* TuistWorldTests */ = {
			isa = PBXGroup;
			children = (
				E176C5202C7ED7CC00E298AA /* TuistWorldTests.swift */,
			);
			path = TuistWorldTests;
			sourceTree = "<group>";
		};
		E176C5292C7ED7CC00E298AA /* TuistWorldUITests */ = {
			isa = PBXGroup;
			children = (
				E176C52A2C7ED7CC00E298AA /* TuistWorldUITests.swift */,
				E176C52C2C7ED7CC00E298AA /* TuistWorldUITestsLaunchTests.swift */,
			);
			path = TuistWorldUITests;
			sourceTree = "<group>";
		};
/* End PBXGroup section */

/* Begin PBXNativeTarget section */
		E176C50B2C7ED7CB00E298AA /* TuistWorld */ = {
			isa = PBXNativeTarget;
			buildConfigurationList = E176C5302C7ED7CC00E298AA /* Build configuration list for PBXNativeTarget "TuistWorld" */;
			buildPhases = (
				E176C5082C7ED7CB00E298AA /* Sources */,
				E176C5092C7ED7CB00E298AA /* Frameworks */,
				E176C50A2C7ED7CB00E298AA /* Resources */,
			);
			buildRules = (
			);
			dependencies = (
			);
			name = TuistWorld;
			productName = TuistWorld;
			productReference = E176C50C2C7ED7CB00E298AA /* TuistWorld.app */;
			productType = "com.apple.product-type.application";
		};
		E176C51B2C7ED7CC00E298AA /* TuistWorldTests */ = {
			isa = PBXNativeTarget;
			buildConfigurationList = E176C5332C7ED7CC00E298AA /* Build configuration list for PBXNativeTarget "TuistWorldTests" */;
			buildPhases = (
				E176C5182C7ED7CC00E298AA /* Sources */,
				E176C5192C7ED7CC00E298AA /* Frameworks */,
				E176C51A2C7ED7CC00E298AA /* Resources */,
			);
			buildRules = (
			);
			dependencies = (
				E176C51E2C7ED7CC00E298AA /* PBXTargetDependency */,
			);
			name = TuistWorldTests;
			productName = TuistWorldTests;
			productReference = E176C51C2C7ED7CC00E298AA /* TuistWorldTests.xctest */;
			productType = "com.apple.product-type.bundle.unit-test";
		};
		E176C5252C7ED7CC00E298AA /* TuistWorldUITests */ = {
			isa = PBXNativeTarget;
			buildConfigurationList = E176C5362C7ED7CC00E298AA /* Build configuration list for PBXNativeTarget "TuistWorldUITests" */;
			buildPhases = (
				E176C5222C7ED7CC00E298AA /* Sources */,
				E176C5232C7ED7CC00E298AA /* Frameworks */,
				E176C5242C7ED7CC00E298AA /* Resources */,
			);
			buildRules = (
			);
			dependencies = (
				E176C5282C7ED7CC00E298AA /* PBXTargetDependency */,
			);
			name = TuistWorldUITests;
			productName = TuistWorldUITests;
			productReference = E176C5262C7ED7CC00E298AA /* TuistWorldUITests.xctest */;
			productType = "com.apple.product-type.bundle.ui-testing";
		};
/* End PBXNativeTarget section */

/* Begin PBXProject section */
		E176C5042C7ED7CB00E298AA /* Project object */ = {
			isa = PBXProject;
			attributes = {
				BuildIndependentTargetsInParallel = 1;
				LastSwiftUpdateCheck = 1520;
				LastUpgradeCheck = 1520;
				TargetAttributes = {
					E176C50B2C7ED7CB00E298AA = {
						CreatedOnToolsVersion = 15.2;
					};
					E176C51B2C7ED7CC00E298AA = {
						CreatedOnToolsVersion = 15.2;
						TestTargetID = E176C50B2C7ED7CB00E298AA;
					};
					E176C5252C7ED7CC00E298AA = {
						CreatedOnToolsVersion = 15.2;
						TestTargetID = E176C50B2C7ED7CB00E298AA;
					};
				};
			};
			buildConfigurationList = E176C5072C7ED7CB00E298AA /* Build configuration list for PBXProject "TuistWorld" */;
			compatibilityVersion = "Xcode 14.0";
			developmentRegion = en;
			hasScannedForEncodings = 0;
			knownRegions = (
				en,
				Base,
			);
			mainGroup = E176C5032C7ED7CB00E298AA;
			productRefGroup = E176C50D2C7ED7CB00E298AA /* Products */;
			projectDirPath = "";
			projectRoot = "";
			targets = (
				E176C50B2C7ED7CB00E298AA /* TuistWorld */,
				E176C51B2C7ED7CC00E298AA /* TuistWorldTests */,
				E176C5252C7ED7CC00E298AA /* TuistWorldUITests */,
			);
		};
/* End PBXProject section */

/* Begin PBXResourcesBuildPhase section */
		E176C50A2C7ED7CB00E298AA /* Resources */ = {
			isa = PBXResourcesBuildPhase;
			buildActionMask = 2147483647;
			files = (
				E176C5172C7ED7CC00E298AA /* Preview Assets.xcassets in Resources */,
				E176C5142C7ED7CC00E298AA /* Assets.xcassets in Resources */,
			);
			runOnlyForDeploymentPostprocessing = 0;
		};
		E176C51A2C7ED7CC00E298AA /* Resources */ = {
			isa = PBXResourcesBuildPhase;
			buildActionMask = 2147483647;
			files = (
			);
			runOnlyForDeploymentPostprocessing = 0;
		};
		E176C5242C7ED7CC00E298AA /* Resources */ = {
			isa = PBXResourcesBuildPhase;
			buildActionMask = 2147483647;
			files = (
			);
			runOnlyForDeploymentPostprocessing = 0;
		};
/* End PBXResourcesBuildPhase section */

/* Begin PBXSourcesBuildPhase section */
		E176C5082C7ED7CB00E298AA /* Sources */ = {
			isa = PBXSourcesBuildPhase;
			buildActionMask = 2147483647;
			files = (
				E176C5122C7ED7CB00E298AA /* ContentView.swift in Sources */,
				E176C5102C7ED7CB00E298AA /* TuistWorldApp.swift in Sources */,
			);
			runOnlyForDeploymentPostprocessing = 0;
		};
		E176C5182C7ED7CC00E298AA /* Sources */ = {
			isa = PBXSourcesBuildPhase;
			buildActionMask = 2147483647;
			files = (
				E176C5212C7ED7CC00E298AA /* TuistWorldTests.swift in Sources */,
			);
			runOnlyForDeploymentPostprocessing = 0;
		};
		E176C5222C7ED7CC00E298AA /* Sources */ = {
			isa = PBXSourcesBuildPhase;
			buildActionMask = 2147483647;
			files = (
				E176C52B2C7ED7CC00E298AA /* TuistWorldUITests.swift in Sources */,
				E176C52D2C7ED7CC00E298AA /* TuistWorldUITestsLaunchTests.swift in Sources */,
			);
			runOnlyForDeploymentPostprocessing = 0;
		};
/* End PBXSourcesBuildPhase section */

/* Begin PBXTargetDependency section */
		E176C51E2C7ED7CC00E298AA /* PBXTargetDependency */ = {
			isa = PBXTargetDependency;
			target = E176C50B2C7ED7CB00E298AA /* TuistWorld */;
			targetProxy = E176C51D2C7ED7CC00E298AA /* PBXContainerItemProxy */;
		};
		E176C5282C7ED7CC00E298AA /* PBXTargetDependency */ = {
			isa = PBXTargetDependency;
			target = E176C50B2C7ED7CB00E298AA /* TuistWorld */;
			targetProxy = E176C5272C7ED7CC00E298AA /* PBXContainerItemProxy */;
		};
/* End PBXTargetDependency section */

/* Begin XCBuildConfiguration section */
		E176C52E2C7ED7CC00E298AA /* Debug */ = {
			isa = XCBuildConfiguration;
			buildSettings = {
				ALWAYS_SEARCH_USER_PATHS = NO;
				ASSETCATALOG_COMPILER_GENERATE_SWIFT_ASSET_SYMBOL_EXTENSIONS = YES;
				CLANG_ANALYZER_NONNULL = YES;
				CLANG_ANALYZER_NUMBER_OBJECT_CONVERSION = YES_AGGRESSIVE;
				CLANG_CXX_LANGUAGE_STANDARD = "gnu++20";
				CLANG_ENABLE_MODULES = YES;
				CLANG_ENABLE_OBJC_ARC = YES;
				CLANG_ENABLE_OBJC_WEAK = YES;
				CLANG_WARN_BLOCK_CAPTURE_AUTORELEASING = YES;
				CLANG_WARN_BOOL_CONVERSION = YES;
				CLANG_WARN_COMMA = YES;
				CLANG_WARN_CONSTANT_CONVERSION = YES;
				CLANG_WARN_DEPRECATED_OBJC_IMPLEMENTATIONS = YES;
				CLANG_WARN_DIRECT_OBJC_ISA_USAGE = YES_ERROR;
				CLANG_WARN_DOCUMENTATION_COMMENTS = YES;
				CLANG_WARN_EMPTY_BODY = YES;
				CLANG_WARN_ENUM_CONVERSION = YES;
				CLANG_WARN_INFINITE_RECURSION = YES;
				CLANG_WARN_INT_CONVERSION = YES;
				CLANG_WARN_NON_LITERAL_NULL_CONVERSION = YES;
				CLANG_WARN_OBJC_IMPLICIT_RETAIN_SELF = YES;
				CLANG_WARN_OBJC_LITERAL_CONVERSION = YES;
				CLANG_WARN_OBJC_ROOT_CLASS = YES_ERROR;
				CLANG_WARN_QUOTED_INCLUDE_IN_FRAMEWORK_HEADER = YES;
				CLANG_WARN_RANGE_LOOP_ANALYSIS = YES;
				CLANG_WARN_STRICT_PROTOTYPES = YES;
				CLANG_WARN_SUSPICIOUS_MOVE = YES;
				CLANG_WARN_UNGUARDED_AVAILABILITY = YES_AGGRESSIVE;
				CLANG_WARN_UNREACHABLE_CODE = YES;
				CLANG_WARN__DUPLICATE_METHOD_MATCH = YES;
				COPY_PHASE_STRIP = NO;
				DEBUG_INFORMATION_FORMAT = dwarf;
				ENABLE_STRICT_OBJC_MSGSEND = YES;
				ENABLE_TESTABILITY = YES;
				ENABLE_USER_SCRIPT_SANDBOXING = YES;
				GCC_C_LANGUAGE_STANDARD = gnu17;
				GCC_DYNAMIC_NO_PIC = NO;
				GCC_NO_COMMON_BLOCKS = YES;
				GCC_OPTIMIZATION_LEVEL = 0;
				GCC_PREPROCESSOR_DEFINITIONS = (
					"DEBUG=1",
					"$(inherited)",
				);
				GCC_WARN_64_TO_32_BIT_CONVERSION = YES;
				GCC_WARN_ABOUT_RETURN_TYPE = YES_ERROR;
				GCC_WARN_UNDECLARED_SELECTOR = YES;
				GCC_WARN_UNINITIALIZED_AUTOS = YES_AGGRESSIVE;
				GCC_WARN_UNUSED_FUNCTION = YES;
				GCC_WARN_UNUSED_VARIABLE = YES;
				IPHONEOS_DEPLOYMENT_TARGET = 17.2;
				LOCALIZATION_PREFERS_STRING_CATALOGS = YES;
				MTL_ENABLE_DEBUG_INFO = INCLUDE_SOURCE;
				MTL_FAST_MATH = YES;
				ONLY_ACTIVE_ARCH = YES;
				SDKROOT = iphoneos;
				SWIFT_ACTIVE_COMPILATION_CONDITIONS = "DEBUG $(inherited)";
				SWIFT_OPTIMIZATION_LEVEL = "-Onone";
			};
			name = Debug;
		};
		E176C52F2C7ED7CC00E298AA /* Release */ = {
			isa = XCBuildConfiguration;
			buildSettings = {
				ALWAYS_SEARCH_USER_PATHS = NO;
				ASSETCATALOG_COMPILER_GENERATE_SWIFT_ASSET_SYMBOL_EXTENSIONS = YES;
				CLANG_ANALYZER_NONNULL = YES;
				CLANG_ANALYZER_NUMBER_OBJECT_CONVERSION = YES_AGGRESSIVE;
				CLANG_CXX_LANGUAGE_STANDARD = "gnu++20";
				CLANG_ENABLE_MODULES = YES;
				CLANG_ENABLE_OBJC_ARC = YES;
				CLANG_ENABLE_OBJC_WEAK = YES;
				CLANG_WARN_BLOCK_CAPTURE_AUTORELEASING = YES;
				CLANG_WARN_BOOL_CONVERSION = YES;
				CLANG_WARN_COMMA = YES;
				CLANG_WARN_CONSTANT_CONVERSION = YES;
				CLANG_WARN_DEPRECATED_OBJC_IMPLEMENTATIONS = YES;
				CLANG_WARN_DIRECT_OBJC_ISA_USAGE = YES_ERROR;
				CLANG_WARN_DOCUMENTATION_COMMENTS = YES;
				CLANG_WARN_EMPTY_BODY = YES;
				CLANG_WARN_ENUM_CONVERSION = YES;
				CLANG_WARN_INFINITE_RECURSION = YES;
				CLANG_WARN_INT_CONVERSION = YES;
				CLANG_WARN_NON_LITERAL_NULL_CONVERSION = YES;
				CLANG_WARN_OBJC_IMPLICIT_RETAIN_SELF = YES;
				CLANG_WARN_OBJC_LITERAL_CONVERSION = YES;
				CLANG_WARN_OBJC_ROOT_CLASS = YES_ERROR;
				CLANG_WARN_QUOTED_INCLUDE_IN_FRAMEWORK_HEADER = YES;
				CLANG_WARN_RANGE_LOOP_ANALYSIS = YES;
				CLANG_WARN_STRICT_PROTOTYPES = YES;
				CLANG_WARN_SUSPICIOUS_MOVE = YES;
				CLANG_WARN_UNGUARDED_AVAILABILITY = YES_AGGRESSIVE;
				CLANG_WARN_UNREACHABLE_CODE = YES;
				CLANG_WARN__DUPLICATE_METHOD_MATCH = YES;
				COPY_PHASE_STRIP = NO;
				DEBUG_INFORMATION_FORMAT = "dwarf-with-dsym";
				ENABLE_NS_ASSERTIONS = NO;
				ENABLE_STRICT_OBJC_MSGSEND = YES;
				ENABLE_USER_SCRIPT_SANDBOXING = YES;
				GCC_C_LANGUAGE_STANDARD = gnu17;
				GCC_NO_COMMON_BLOCKS = YES;
				GCC_WARN_64_TO_32_BIT_CONVERSION = YES;
				GCC_WARN_ABOUT_RETURN_TYPE = YES_ERROR;
				GCC_WARN_UNDECLARED_SELECTOR = YES;
				GCC_WARN_UNINITIALIZED_AUTOS = YES_AGGRESSIVE;
				GCC_WARN_UNUSED_FUNCTION = YES;
				GCC_WARN_UNUSED_VARIABLE = YES;
				IPHONEOS_DEPLOYMENT_TARGET = 17.2;
				LOCALIZATION_PREFERS_STRING_CATALOGS = YES;
				MTL_ENABLE_DEBUG_INFO = NO;
				MTL_FAST_MATH = YES;
				SDKROOT = iphoneos;
				SWIFT_COMPILATION_MODE = wholemodule;
				VALIDATE_PRODUCT = YES;
			};
			name = Release;
		};
		E176C5312C7ED7CC00E298AA /* Debug */ = {
			isa = XCBuildConfiguration;
			buildSettings = {
				ASSETCATALOG_COMPILER_APPICON_NAME = AppIcon;
				ASSETCATALOG_COMPILER_GLOBAL_ACCENT_COLOR_NAME = AccentColor;
				CODE_SIGN_STYLE = Automatic;
				CURRENT_PROJECT_VERSION = 1;
				DEVELOPMENT_ASSET_PATHS = "\"TuistWorld/Preview Content\"";
				DEVELOPMENT_TEAM = R4G74AF442;
				ENABLE_PREVIEWS = YES;
				GENERATE_INFOPLIST_FILE = YES;
				INFOPLIST_KEY_UIApplicationSceneManifest_Generation = YES;
				INFOPLIST_KEY_UIApplicationSupportsIndirectInputEvents = YES;
				INFOPLIST_KEY_UILaunchScreen_Generation = YES;
				INFOPLIST_KEY_UISupportedInterfaceOrientations_iPad = "UIInterfaceOrientationPortrait UIInterfaceOrientationPortraitUpsideDown UIInterfaceOrientationLandscapeLeft UIInterfaceOrientationLandscapeRight";
				INFOPLIST_KEY_UISupportedInterfaceOrientations_iPhone = "UIInterfaceOrientationPortrait UIInterfaceOrientationLandscapeLeft UIInterfaceOrientationLandscapeRight";
				LD_RUNPATH_SEARCH_PATHS = (
					"$(inherited)",
					"@executable_path/Frameworks",
				);
				MARKETING_VERSION = 1.0;
				PRODUCT_BUNDLE_IDENTIFIER = com.bhoon.TuistWorld;
				PRODUCT_NAME = "$(TARGET_NAME)";
				SWIFT_EMIT_LOC_STRINGS = YES;
				SWIFT_VERSION = 5.0;
				TARGETED_DEVICE_FAMILY = "1,2";
			};
			name = Debug;
		};
		E176C5322C7ED7CC00E298AA /* Release */ = {
			isa = XCBuildConfiguration;
			buildSettings = {
				ASSETCATALOG_COMPILER_APPICON_NAME = AppIcon;
				ASSETCATALOG_COMPILER_GLOBAL_ACCENT_COLOR_NAME = AccentColor;
				CODE_SIGN_STYLE = Automatic;
				CURRENT_PROJECT_VERSION = 1;
				DEVELOPMENT_ASSET_PATHS = "\"TuistWorld/Preview Content\"";
				DEVELOPMENT_TEAM = R4G74AF442;
				ENABLE_PREVIEWS = YES;
				GENERATE_INFOPLIST_FILE = YES;
				INFOPLIST_KEY_UIApplicationSceneManifest_Generation = YES;
				INFOPLIST_KEY_UIApplicationSupportsIndirectInputEvents = YES;
				INFOPLIST_KEY_UILaunchScreen_Generation = YES;
				INFOPLIST_KEY_UISupportedInterfaceOrientations_iPad = "UIInterfaceOrientationPortrait UIInterfaceOrientationPortraitUpsideDown UIInterfaceOrientationLandscapeLeft UIInterfaceOrientationLandscapeRight";
				INFOPLIST_KEY_UISupportedInterfaceOrientations_iPhone = "UIInterfaceOrientationPortrait UIInterfaceOrientationLandscapeLeft UIInterfaceOrientationLandscapeRight";
				LD_RUNPATH_SEARCH_PATHS = (
					"$(inherited)",
					"@executable_path/Frameworks",
				);
				MARKETING_VERSION = 1.0;
				PRODUCT_BUNDLE_IDENTIFIER = com.bhoon.TuistWorld;
				PRODUCT_NAME = "$(TARGET_NAME)";
				SWIFT_EMIT_LOC_STRINGS = YES;
				SWIFT_VERSION = 5.0;
				TARGETED_DEVICE_FAMILY = "1,2";
			};
			name = Release;
		};
		E176C5342C7ED7CC00E298AA /* Debug */ = {
			isa = XCBuildConfiguration;
			buildSettings = {
				ALWAYS_EMBED_SWIFT_STANDARD_LIBRARIES = YES;
				BUNDLE_LOADER = "$(TEST_HOST)";
				CODE_SIGN_STYLE = Automatic;
				CURRENT_PROJECT_VERSION = 1;
				DEVELOPMENT_TEAM = R4G74AF442;
				GENERATE_INFOPLIST_FILE = YES;
				IPHONEOS_DEPLOYMENT_TARGET = 17.2;
				MARKETING_VERSION = 1.0;
				PRODUCT_BUNDLE_IDENTIFIER = com.bhoon.TuistWorldTests;
				PRODUCT_NAME = "$(TARGET_NAME)";
				SWIFT_EMIT_LOC_STRINGS = NO;
				SWIFT_VERSION = 5.0;
				TARGETED_DEVICE_FAMILY = "1,2";
				TEST_HOST = "$(BUILT_PRODUCTS_DIR)/TuistWorld.app/$(BUNDLE_EXECUTABLE_FOLDER_PATH)/TuistWorld";
			};
			name = Debug;
		};
		E176C5352C7ED7CC00E298AA /* Release */ = {
			isa = XCBuildConfiguration;
			buildSettings = {
				ALWAYS_EMBED_SWIFT_STANDARD_LIBRARIES = YES;
				BUNDLE_LOADER = "$(TEST_HOST)";
				CODE_SIGN_STYLE = Automatic;
				CURRENT_PROJECT_VERSION = 1;
				DEVELOPMENT_TEAM = R4G74AF442;
				GENERATE_INFOPLIST_FILE = YES;
				IPHONEOS_DEPLOYMENT_TARGET = 17.2;
				MARKETING_VERSION = 1.0;
				PRODUCT_BUNDLE_IDENTIFIER = com.bhoon.TuistWorldTests;
				PRODUCT_NAME = "$(TARGET_NAME)";
				SWIFT_EMIT_LOC_STRINGS = NO;
				SWIFT_VERSION = 5.0;
				TARGETED_DEVICE_FAMILY = "1,2";
				TEST_HOST = "$(BUILT_PRODUCTS_DIR)/TuistWorld.app/$(BUNDLE_EXECUTABLE_FOLDER_PATH)/TuistWorld";
			};
			name = Release;
		};
		E176C5372C7ED7CC00E298AA /* Debug */ = {
			isa = XCBuildConfiguration;
			buildSettings = {
				ALWAYS_EMBED_SWIFT_STANDARD_LIBRARIES = YES;
				CODE_SIGN_STYLE = Automatic;
				CURRENT_PROJECT_VERSION = 1;
				DEVELOPMENT_TEAM = R4G74AF442;
				GENERATE_INFOPLIST_FILE = YES;
				MARKETING_VERSION = 1.0;
				PRODUCT_BUNDLE_IDENTIFIER = com.bhoon.TuistWorldUITests;
				PRODUCT_NAME = "$(TARGET_NAME)";
				SWIFT_EMIT_LOC_STRINGS = NO;
				SWIFT_VERSION = 5.0;
				TARGETED_DEVICE_FAMILY = "1,2";
				TEST_TARGET_NAME = TuistWorld;
			};
			name = Debug;
		};
		E176C5382C7ED7CC00E298AA /* Release */ = {
			isa = XCBuildConfiguration;
			buildSettings = {
				ALWAYS_EMBED_SWIFT_STANDARD_LIBRARIES = YES;
				CODE_SIGN_STYLE = Automatic;
				CURRENT_PROJECT_VERSION = 1;
				DEVELOPMENT_TEAM = R4G74AF442;
				GENERATE_INFOPLIST_FILE = YES;
				MARKETING_VERSION = 1.0;
				PRODUCT_BUNDLE_IDENTIFIER = com.bhoon.TuistWorldUITests;
				PRODUCT_NAME = "$(TARGET_NAME)";
				SWIFT_EMIT_LOC_STRINGS = NO;
				SWIFT_VERSION = 5.0;
				TARGETED_DEVICE_FAMILY = "1,2";
				TEST_TARGET_NAME = TuistWorld;
			};
			name = Release;
		};
/* End XCBuildConfiguration section */

/* Begin XCConfigurationList section */
		E176C5072C7ED7CB00E298AA /* Build configuration list for PBXProject "TuistWorld" */ = {
			isa = XCConfigurationList;
			buildConfigurations = (
				E176C52E2C7ED7CC00E298AA /* Debug */,
				E176C52F2C7ED7CC00E298AA /* Release */,
			);
			defaultConfigurationIsVisible = 0;
			defaultConfigurationName = Release;
		};
		E176C5302C7ED7CC00E298AA /* Build configuration list for PBXNativeTarget "TuistWorld" */ = {
			isa = XCConfigurationList;
			buildConfigurations = (
				E176C5312C7ED7CC00E298AA /* Debug */,
				E176C5322C7ED7CC00E298AA /* Release */,
			);
			defaultConfigurationIsVisible = 0;
			defaultConfigurationName = Release;
		};
		E176C5332C7ED7CC00E298AA /* Build configuration list for PBXNativeTarget "TuistWorldTests" */ = {
			isa = XCConfigurationList;
			buildConfigurations = (
				E176C5342C7ED7CC00E298AA /* Debug */,
				E176C5352C7ED7CC00E298AA /* Release */,
			);
			defaultConfigurationIsVisible = 0;
			defaultConfigurationName = Release;
		};
		E176C5362C7ED7CC00E298AA /* Build configuration list for PBXNativeTarget "TuistWorldUITests" */ = {
			isa = XCConfigurationList;
			buildConfigurations = (
				E176C5372C7ED7CC00E298AA /* Debug */,
				E176C5382C7ED7CC00E298AA /* Release */,
			);
			defaultConfigurationIsVisible = 0;
			defaultConfigurationName = Release;
		};
/* End XCConfigurationList section */
	};
	rootObject = E176C5042C7ED7CB00E298AA /* Project object */;
}
