// !$*UTF8*$!
{
	archiveVersion = 1;
	classes = {
	};
	objectVersion = 50;
	objects = {

/* Begin PBXBuildFile section */
		1BF559CF797881E89A33CA99 /* LaunchScreen.storyboard in Resources */ = {isa = PBXBuildFile; fileRef = 20C6691307CAEC0FA4B0D414 /* LaunchScreen.storyboard */; };
		591487398CE5AEDCFFF85908 /* TuistWorldApp.swift in Sources */ = {isa = PBXBuildFile; fileRef = 4368AE815AB376FBC65238F4 /* TuistWorldApp.swift */; };
		7DE20BC4A7257A838B43B627 /* TuistBundle+TuistWorld.swift in Sources */ = {isa = PBXBuildFile; fileRef = A02688213C7212C87D725F3D /* TuistBundle+TuistWorld.swift */; };
/* End PBXBuildFile section */

/* Begin PBXCopyFilesBuildPhase section */
		E00225CC2AA0BAC7F38BEF46 /* Embed Frameworks */ = {
			isa = PBXCopyFilesBuildPhase;
			buildActionMask = 2147483647;
			dstPath = "";
			dstSubfolderSpec = 10;
			files = (
			);
			name = "Embed Frameworks";
			runOnlyForDeploymentPostprocessing = 0;
		};
/* End PBXCopyFilesBuildPhase section */

/* Begin PBXFileReference section */
		20C6691307CAEC0FA4B0D414 /* LaunchScreen.storyboard */ = {isa = PBXFileReference; lastKnownFileType = file.storyboard; path = LaunchScreen.storyboard; sourceTree = "<group>"; };
		34A19DF94B42EBC36650449F /* TuistWorld-Info.plist */ = {isa = PBXFileReference; lastKnownFileType = text.plist; path = "TuistWorld-Info.plist"; sourceTree = "<group>"; };
		4368AE815AB376FBC65238F4 /* TuistWorldApp.swift */ = {isa = PBXFileReference; lastKnownFileType = sourcecode.swift; path = TuistWorldApp.swift; sourceTree = "<group>"; };
		A02688213C7212C87D725F3D /* TuistBundle+TuistWorld.swift */ = {isa = PBXFileReference; lastKnownFileType = sourcecode.swift; path = "TuistBundle+TuistWorld.swift"; sourceTree = "<group>"; };
		B56318EFA92F50DA9CCD45A7 /* Release.xcconfig */ = {isa = PBXFileReference; lastKnownFileType = text.xcconfig; path = Release.xcconfig; sourceTree = "<group>"; };
		CA56F23528A85A4404636B56 /* TuistWorld.app */ = {isa = PBXFileReference; explicitFileType = wrapper.application; includeInIndex = 0; path = TuistWorld.app; sourceTree = BUILT_PRODUCTS_DIR; };
		CA5AFD0BFC3DF9E0C53CD75D /* Debug.xcconfig */ = {isa = PBXFileReference; lastKnownFileType = text.xcconfig; path = Debug.xcconfig; sourceTree = "<group>"; };
/* End PBXFileReference section */

/* Begin PBXFrameworksBuildPhase section */
		5ECE66AF70606195042BC8C6 /* Frameworks */ = {
			isa = PBXFrameworksBuildPhase;
			buildActionMask = 2147483647;
			files = (
			);
			runOnlyForDeploymentPostprocessing = 0;
		};
/* End PBXFrameworksBuildPhase section */

/* Begin PBXGroup section */
		029E7D37A924F9E670EE8ED9 = {
			isa = PBXGroup;
			children = (
				0CBE28072DA3F8DABE3E6D66 /* Project */,
				D045034A167FA87F3D01E4CA /* Frameworks */,
				E7F75420443C71D7D1AE5CF2 /* Products */,
			);
			sourceTree = "<group>";
		};
		0CBE28072DA3F8DABE3E6D66 /* Project */ = {
			isa = PBXGroup;
			children = (
				909DF1CCB38161EDF7F125CE /* Configs */,
				994EF106734A65DBF055ACC0 /* Derived */,
				ECE4F1845607E8D5E6C1B15E /* Targets */,
			);
			name = Project;
			sourceTree = "<group>";
		};
		5E35B99D19ACD313D075D167 /* Sources */ = {
			isa = PBXGroup;
			children = (
				A02688213C7212C87D725F3D /* TuistBundle+TuistWorld.swift */,
			);
			path = Sources;
			sourceTree = "<group>";
		};
		6B75AAA47B96E7AAE571726F /* Sources */ = {
			isa = PBXGroup;
			children = (
				4368AE815AB376FBC65238F4 /* TuistWorldApp.swift */,
			);
			path = Sources;
			sourceTree = "<group>";
		};
		909DF1CCB38161EDF7F125CE /* Configs */ = {
			isa = PBXGroup;
			children = (
				CA5AFD0BFC3DF9E0C53CD75D /* Debug.xcconfig */,
				B56318EFA92F50DA9CCD45A7 /* Release.xcconfig */,
			);
			path = Configs;
			sourceTree = "<group>";
		};
		994EF106734A65DBF055ACC0 /* Derived */ = {
			isa = PBXGroup;
			children = (
				C1F416FC8374113655155F7A /* InfoPlists */,
				5E35B99D19ACD313D075D167 /* Sources */,
			);
			path = Derived;
			sourceTree = "<group>";
		};
		AADA4BE1C2B9CDE0F7FF26D5 /* TuistWorld */ = {
			isa = PBXGroup;
			children = (
				F9FA89AB9885C77AD48CF468 /* Resources */,
				6B75AAA47B96E7AAE571726F /* Sources */,
			);
			path = TuistWorld;
			sourceTree = "<group>";
		};
		C1F416FC8374113655155F7A /* InfoPlists */ = {
			isa = PBXGroup;
			children = (
				34A19DF94B42EBC36650449F /* TuistWorld-Info.plist */,
			);
			path = InfoPlists;
			sourceTree = "<group>";
		};
		D045034A167FA87F3D01E4CA /* Frameworks */ = {
			isa = PBXGroup;
			children = (
			);
			name = Frameworks;
			sourceTree = "<group>";
		};
		E7F75420443C71D7D1AE5CF2 /* Products */ = {
			isa = PBXGroup;
			children = (
				CA56F23528A85A4404636B56 /* TuistWorld.app */,
			);
			name = Products;
			sourceTree = "<group>";
		};
		ECE4F1845607E8D5E6C1B15E /* Targets */ = {
			isa = PBXGroup;
			children = (
				AADA4BE1C2B9CDE0F7FF26D5 /* TuistWorld */,
			);
			path = Targets;
			sourceTree = "<group>";
		};
		F9FA89AB9885C77AD48CF468 /* Resources */ = {
			isa = PBXGroup;
			children = (
				20C6691307CAEC0FA4B0D414 /* LaunchScreen.storyboard */,
			);
			path = Resources;
			sourceTree = "<group>";
		};
/* End PBXGroup section */

/* Begin PBXNativeTarget section */
		8CAA3E2855587B9B803B1098 /* TuistWorld */ = {
			isa = PBXNativeTarget;
			buildConfigurationList = 54518F6B02482280392AE0C5 /* Build configuration list for PBXNativeTarget "TuistWorld" */;
			buildPhases = (
				4E652A1BCB4E767B2A91D8EE /* Sources */,
				7CA51AC72DEA82E759094EAA /* Resources */,
				E00225CC2AA0BAC7F38BEF46 /* Embed Frameworks */,
				5ECE66AF70606195042BC8C6 /* Frameworks */,
			);
			buildRules = (
			);
			dependencies = (
			);
			name = TuistWorld;
			productName = TuistWorld;
			productReference = CA56F23528A85A4404636B56 /* TuistWorld.app */;
			productType = "com.apple.product-type.application";
		};
/* End PBXNativeTarget section */

/* Begin PBXProject section */
		437F8D4DB3F6E3F9F4329368 /* Project object */ = {
			isa = PBXProject;
			attributes = {
				TargetAttributes = {
				};
			};
			buildConfigurationList = BAD8584FC766D3A483DB94F6 /* Build configuration list for PBXProject "TuistWorld" */;
			compatibilityVersion = "Xcode 13.0";
			developmentRegion = en;
			hasScannedForEncodings = 0;
			knownRegions = (
				Base,
				en,
			);
			mainGroup = 029E7D37A924F9E670EE8ED9;
			productRefGroup = E7F75420443C71D7D1AE5CF2 /* Products */;
			projectDirPath = "";
			projectRoot = "";
			targets = (
				8CAA3E2855587B9B803B1098 /* TuistWorld */,
			);
		};
/* End PBXProject section */

/* Begin PBXResourcesBuildPhase section */
		7CA51AC72DEA82E759094EAA /* Resources */ = {
			isa = PBXResourcesBuildPhase;
			buildActionMask = 2147483647;
			files = (
				1BF559CF797881E89A33CA99 /* LaunchScreen.storyboard in Resources */,
			);
			runOnlyForDeploymentPostprocessing = 0;
		};
/* End PBXResourcesBuildPhase section */

/* Begin PBXSourcesBuildPhase section */
		4E652A1BCB4E767B2A91D8EE /* Sources */ = {
			isa = PBXSourcesBuildPhase;
			buildActionMask = 2147483647;
			files = (
				7DE20BC4A7257A838B43B627 /* TuistBundle+TuistWorld.swift in Sources */,
				591487398CE5AEDCFFF85908 /* TuistWorldApp.swift in Sources */,
			);
			runOnlyForDeploymentPostprocessing = 0;
		};
/* End PBXSourcesBuildPhase section */

/* Begin XCBuildConfiguration section */
		31DA71FC1382A146D894E351 /* Debug */ = {
			isa = XCBuildConfiguration;
			buildSettings = {
				ASSETCATALOG_COMPILER_APPICON_NAME = AppIcon;
				CODE_SIGN_IDENTITY = "iPhone Developer";
				ENABLE_PREVIEWS = YES;
				INFOPLIST_FILE = "Derived/InfoPlists/TuistWorld-Info.plist";
				IPHONEOS_DEPLOYMENT_TARGET = 16.0;
				LD_RUNPATH_SEARCH_PATHS = (
					"$(inherited)",
					"@executable_path/Frameworks",
				);
				PRODUCT_BUNDLE_IDENTIFIER = com.bhoon.TuistWorld;
				PRODUCT_NAME = TuistWorld;
				SDKROOT = iphoneos;
				SUPPORTS_MACCATALYST = NO;
				SWIFT_ACTIVE_COMPILATION_CONDITIONS = DEBUG;
				SWIFT_COMPILATION_MODE = singlefile;
				SWIFT_OPTIMIZATION_LEVEL = "-Onone";
				SWIFT_VERSION = 5.9.2;
				TARGETED_DEVICE_FAMILY = 1;
			};
			name = Debug;
		};
		45B6A0F4E6267394E4E25F69 /* Release */ = {
			isa = XCBuildConfiguration;
			buildSettings = {
				ASSETCATALOG_COMPILER_APPICON_NAME = AppIcon;
				CODE_SIGN_IDENTITY = "iPhone Developer";
				ENABLE_PREVIEWS = YES;
				INFOPLIST_FILE = "Derived/InfoPlists/TuistWorld-Info.plist";
				IPHONEOS_DEPLOYMENT_TARGET = 16.0;
				LD_RUNPATH_SEARCH_PATHS = (
					"$(inherited)",
					"@executable_path/Frameworks",
				);
				PRODUCT_BUNDLE_IDENTIFIER = com.bhoon.TuistWorld;
				PRODUCT_NAME = TuistWorld;
				SDKROOT = iphoneos;
				SUPPORTS_MACCATALYST = NO;
				SWIFT_ACTIVE_COMPILATION_CONDITIONS = DEBUG;
				SWIFT_COMPILATION_MODE = singlefile;
				SWIFT_OPTIMIZATION_LEVEL = "-Onone";
				SWIFT_VERSION = 5.9.2;
				TARGETED_DEVICE_FAMILY = 1;
			};
			name = Release;
		};
		4D22122CFA153003F3FDA5A2 /* Debug */ = {
			isa = XCBuildConfiguration;
			baseConfigurationReference = CA5AFD0BFC3DF9E0C53CD75D /* Debug.xcconfig */;
			buildSettings = {
				ALWAYS_SEARCH_USER_PATHS = NO;
				CLANG_ANALYZER_LOCALIZABILITY_NONLOCALIZED = YES;
				CLANG_ANALYZER_NONNULL = YES;
				CLANG_ANALYZER_NUMBER_OBJECT_CONVERSION = YES_AGGRESSIVE;
				CLANG_CXX_LANGUAGE_STANDARD = "gnu++14";
				CLANG_CXX_LIBRARY = "libc++";
				CLANG_ENABLE_MODULES = YES;
				CLANG_ENABLE_OBJC_ARC = YES;
				CLANG_ENABLE_OBJC_WEAK = YES;
				CLANG_WARN_BLOCK_CAPTURE_AUTORELEASING = YES;
				CLANG_WARN_BOOL_CONVERSION = YES;
				CLANG_WARN_COMMA = YES;
				CLANG_WARN_CONSTANT_CONVERSION = YES;
				CLANG_WARN_DEPRECATED_OBJC_IMPLEMENTATIONS = YES;
				CLANG_WARN_DIRECT_OBJC_ISA_USAGE = YES_ERROR;
				CLANG_WARN_DOCUMENTATION_COMMENTS = YES;
				CLANG_WARN_EMPTY_BODY = YES;
				CLANG_WARN_ENUM_CONVERSION = YES;
				CLANG_WARN_INFINITE_RECURSION = YES;
				CLANG_WARN_INT_CONVERSION = YES;
				CLANG_WARN_NON_LITERAL_NULL_CONVERSION = YES;
				CLANG_WARN_OBJC_IMPLICIT_RETAIN_SELF = YES;
				CLANG_WARN_OBJC_LITERAL_CONVERSION = YES;
				CLANG_WARN_OBJC_ROOT_CLASS = YES_ERROR;
				CLANG_WARN_QUOTED_INCLUDE_IN_FRAMEWORK_HEADER = YES;
				CLANG_WARN_RANGE_LOOP_ANALYSIS = YES;
				CLANG_WARN_STRICT_PROTOTYPES = YES;
				CLANG_WARN_SUSPICIOUS_MOVE = YES;
				CLANG_WARN_UNGUARDED_AVAILABILITY = YES_AGGRESSIVE;
				CLANG_WARN_UNREACHABLE_CODE = YES;
				CLANG_WARN__DUPLICATE_METHOD_MATCH = YES;
				COPY_PHASE_STRIP = NO;
				DEBUG_INFORMATION_FORMAT = dwarf;
				ENABLE_STRICT_OBJC_MSGSEND = YES;
				ENABLE_TESTABILITY = YES;
				GCC_C_LANGUAGE_STANDARD = gnu11;
				GCC_DYNAMIC_NO_PIC = NO;
				GCC_NO_COMMON_BLOCKS = YES;
				GCC_OPTIMIZATION_LEVEL = 0;
				GCC_PREPROCESSOR_DEFINITIONS = (
					"DEBUG=1",
					"$(inherited)",
				);
				GCC_WARN_64_TO_32_BIT_CONVERSION = YES;
				GCC_WARN_ABOUT_RETURN_TYPE = YES_ERROR;
				GCC_WARN_UNDECLARED_SELECTOR = YES;
				GCC_WARN_UNINITIALIZED_AUTOS = YES_AGGRESSIVE;
				GCC_WARN_UNUSED_FUNCTION = YES;
				GCC_WARN_UNUSED_VARIABLE = YES;
				MTL_ENABLE_DEBUG_INFO = YES;
				ONLY_ACTIVE_ARCH = YES;
				PRODUCT_NAME = "$(TARGET_NAME)";
			};
			name = Debug;
		};
		9EFC124B96B5B44A5160FAE7 /* Release */ = {
			isa = XCBuildConfiguration;
			baseConfigurationReference = B56318EFA92F50DA9CCD45A7 /* Release.xcconfig */;
			buildSettings = {
				ALWAYS_SEARCH_USER_PATHS = NO;
				CLANG_ANALYZER_LOCALIZABILITY_NONLOCALIZED = YES;
				CLANG_ANALYZER_NONNULL = YES;
				CLANG_ANALYZER_NUMBER_OBJECT_CONVERSION = YES_AGGRESSIVE;
				CLANG_CXX_LANGUAGE_STANDARD = "gnu++14";
				CLANG_CXX_LIBRARY = "libc++";
				CLANG_ENABLE_MODULES = YES;
				CLANG_ENABLE_OBJC_ARC = YES;
				CLANG_ENABLE_OBJC_WEAK = YES;
				CLANG_WARN_BLOCK_CAPTURE_AUTORELEASING = YES;
				CLANG_WARN_BOOL_CONVERSION = YES;
				CLANG_WARN_COMMA = YES;
				CLANG_WARN_CONSTANT_CONVERSION = YES;
				CLANG_WARN_DEPRECATED_OBJC_IMPLEMENTATIONS = YES;
				CLANG_WARN_DIRECT_OBJC_ISA_USAGE = YES_ERROR;
				CLANG_WARN_DOCUMENTATION_COMMENTS = YES;
				CLANG_WARN_EMPTY_BODY = YES;
				CLANG_WARN_ENUM_CONVERSION = YES;
				CLANG_WARN_INFINITE_RECURSION = YES;
				CLANG_WARN_INT_CONVERSION = YES;
				CLANG_WARN_NON_LITERAL_NULL_CONVERSION = YES;
				CLANG_WARN_OBJC_IMPLICIT_RETAIN_SELF = YES;
				CLANG_WARN_OBJC_LITERAL_CONVERSION = YES;
				CLANG_WARN_OBJC_ROOT_CLASS = YES_ERROR;
				CLANG_WARN_QUOTED_INCLUDE_IN_FRAMEWORK_HEADER = YES;
				CLANG_WARN_RANGE_LOOP_ANALYSIS = YES;
				CLANG_WARN_STRICT_PROTOTYPES = YES;
				CLANG_WARN_SUSPICIOUS_MOVE = YES;
				CLANG_WARN_UNGUARDED_AVAILABILITY = YES_AGGRESSIVE;
				CLANG_WARN_UNREACHABLE_CODE = YES;
				CLANG_WARN__DUPLICATE_METHOD_MATCH = YES;
				COPY_PHASE_STRIP = NO;
				DEBUG_INFORMATION_FORMAT = dwarf;
				ENABLE_STRICT_OBJC_MSGSEND = YES;
				ENABLE_TESTABILITY = YES;
				GCC_C_LANGUAGE_STANDARD = gnu11;
				GCC_DYNAMIC_NO_PIC = NO;
				GCC_NO_COMMON_BLOCKS = YES;
				GCC_OPTIMIZATION_LEVEL = 0;
				GCC_PREPROCESSOR_DEFINITIONS = (
					"DEBUG=1",
					"$(inherited)",
				);
				GCC_WARN_64_TO_32_BIT_CONVERSION = YES;
				GCC_WARN_ABOUT_RETURN_TYPE = YES_ERROR;
				GCC_WARN_UNDECLARED_SELECTOR = YES;
				GCC_WARN_UNINITIALIZED_AUTOS = YES_AGGRESSIVE;
				GCC_WARN_UNUSED_FUNCTION = YES;
				GCC_WARN_UNUSED_VARIABLE = YES;
				MTL_ENABLE_DEBUG_INFO = YES;
				ONLY_ACTIVE_ARCH = YES;
				PRODUCT_NAME = "$(TARGET_NAME)";
			};
			name = Release;
		};
/* End XCBuildConfiguration section */

/* Begin XCConfigurationList section */
		54518F6B02482280392AE0C5 /* Build configuration list for PBXNativeTarget "TuistWorld" */ = {
			isa = XCConfigurationList;
			buildConfigurations = (
				31DA71FC1382A146D894E351 /* Debug */,
				45B6A0F4E6267394E4E25F69 /* Release */,
			);
			defaultConfigurationIsVisible = 0;
			defaultConfigurationName = Debug;
		};
		BAD8584FC766D3A483DB94F6 /* Build configuration list for PBXProject "TuistWorld" */ = {
			isa = XCConfigurationList;
			buildConfigurations = (
				4D22122CFA153003F3FDA5A2 /* Debug */,
				9EFC124B96B5B44A5160FAE7 /* Release */,
			);
			defaultConfigurationIsVisible = 0;
			defaultConfigurationName = Debug;
		};
/* End XCConfigurationList section */
	};
	rootObject = 437F8D4DB3F6E3F9F4329368 /* Project object */;
}
